dependencies:
  espressif/esp_lcd_touch:
    dependencies: []
    source:
      path: C:\Users\ruuva\workspace\RDM-7_Dash\components\espressif__esp_lcd_touch
      type: local
    version: 1.1.1
  espressif/esp_lcd_touch_gt911:
    dependencies: []
    source:
      path: C:\Users\ruuva\workspace\RDM-7_Dash\components\espressif__esp_lcd_touch_gt911
      type: local
    version: 1.1.0
  idf:
    source:
      type: idf
    version: 5.3.1
  lvgl/lvgl:
    dependencies: []
    source:
      path: C:\Users\ruuva\workspace\RDM-7_Dash\components\lvgl__lvgl
      type: local
    version: 8.3.11
direct_dependencies:
- espressif/esp_lcd_touch
- espressif/esp_lcd_touch_gt911
- idf
- lvgl/lvgl
manifest_hash: e61edccbabb92e0cf7e91bc5814e1020dad27410a601deb5ae885e2b0ed243ba
target: esp32s3
version: 2.0.0
